// !$*UTF8*$!
{
	archiveVersion = 1;
	classes = {
	};
	objectVersion = 50;
	objects = {

/* Begin PBXBuildFile section */
		4A472CCE24C8425A0089D812 /* AppDelegate.swift in Sources */ = {isa = PBXBuildFile; fileRef = 4A472CCD24C8425A0089D812 /* AppDelegate.swift */; };
		4A472CD024C8425A0089D812 /* SceneDelegate.swift in Sources */ = {isa = PBXBuildFile; fileRef = 4A472CCF24C8425A0089D812 /* SceneDelegate.swift */; };
		4A472CD524C8425A0089D812 /* Main.storyboard in Resources */ = {isa = PBXBuildFile; fileRef = 4A472CD324C8425A0089D812 /* Main.storyboard */; };
		4A472CD724C8425D0089D812 /* Assets.xcassets in Resources */ = {isa = PBXBuildFile; fileRef = 4A472CD624C8425D0089D812 /* Assets.xcassets */; };
		4A472CDA24C8425D0089D812 /* LaunchScreen.storyboard in Resources */ = {isa = PBXBuildFile; fileRef = 4A472CD824C8425D0089D812 /* LaunchScreen.storyboard */; };
		4A472CE224C848C00089D812 /* NewViewController.swift in Sources */ = {isa = PBXBuildFile; fileRef = 4A472CE124C848C00089D812 /* NewViewController.swift */; };
		4A472CE524C8492F0089D812 /* Colors.swift in Sources */ = {isa = PBXBuildFile; fileRef = 4A472CE424C8492F0089D812 /* Colors.swift */; };
		4A472CEA24C854FD0089D812 /* UIView+addConstraints.swift in Sources */ = {isa = PBXBuildFile; fileRef = 4A472CE924C854FD0089D812 /* UIView+addConstraints.swift */; };
		4A472CEF24C85B500089D812 /* MaterialView.swift in Sources */ = {isa = PBXBuildFile; fileRef = 4A472CEE24C85B500089D812 /* MaterialView.swift */; };
		4A472CF124C860520089D812 /* MaterialView.xib in Resources */ = {isa = PBXBuildFile; fileRef = 4A472CF024C860520089D812 /* MaterialView.xib */; };
		4A472CF324C86D330089D812 /* Common.swift in Sources */ = {isa = PBXBuildFile; fileRef = 4A472CF224C86D320089D812 /* Common.swift */; };
		4A472CF524C86DE30089D812 /* Material.swift in Sources */ = {isa = PBXBuildFile; fileRef = 4A472CF424C86DE30089D812 /* Material.swift */; };
/* End PBXBuildFile section */

/* Begin PBXFileReference section */
		4A472CCA24C8425A0089D812 /* Materials.app */ = {isa = PBXFileReference; explicitFileType = wrapper.application; includeInIndex = 0; path = Materials.app; sourceTree = BUILT_PRODUCTS_DIR; };
		4A472CCD24C8425A0089D812 /* AppDelegate.swift */ = {isa = PBXFileReference; lastKnownFileType = sourcecode.swift; path = AppDelegate.swift; sourceTree = "<group>"; };
		4A472CCF24C8425A0089D812 /* SceneDelegate.swift */ = {isa = PBXFileReference; lastKnownFileType = sourcecode.swift; path = SceneDelegate.swift; sourceTree = "<group>"; };
		4A472CD424C8425A0089D812 /* Base */ = {isa = PBXFileReference; lastKnownFileType = file.storyboard; name = Base; path = Base.lproj/Main.storyboard; sourceTree = "<group>"; };
		4A472CD624C8425D0089D812 /* Assets.xcassets */ = {isa = PBXFileReference; lastKnownFileType = folder.assetcatalog; path = Assets.xcassets; sourceTree = "<group>"; };
		4A472CD924C8425D0089D812 /* Base */ = {isa = PBXFileReference; lastKnownFileType = file.storyboard; name = Base; path = Base.lproj/LaunchScreen.storyboard; sourceTree = "<group>"; };
		4A472CDB24C8425D0089D812 /* Info.plist */ = {isa = PBXFileReference; lastKnownFileType = text.plist.xml; path = Info.plist; sourceTree = "<group>"; };
		4A472CE124C848C00089D812 /* NewViewController.swift */ = {isa = PBXFileReference; lastKnownFileType = sourcecode.swift; path = NewViewController.swift; sourceTree = "<group>"; };
		4A472CE424C8492F0089D812 /* Colors.swift */ = {isa = PBXFileReference; lastKnownFileType = sourcecode.swift; path = Colors.swift; sourceTree = "<group>"; };
		4A472CE924C854FD0089D812 /* UIView+addConstraints.swift */ = {isa = PBXFileReference; lastKnownFileType = sourcecode.swift; path = "UIView+addConstraints.swift"; sourceTree = "<group>"; };
		4A472CEE24C85B500089D812 /* MaterialView.swift */ = {isa = PBXFileReference; lastKnownFileType = sourcecode.swift; path = MaterialView.swift; sourceTree = "<group>"; };
		4A472CF024C860520089D812 /* MaterialView.xib */ = {isa = PBXFileReference; lastKnownFileType = file.xib; path = MaterialView.xib; sourceTree = "<group>"; };
		4A472CF224C86D320089D812 /* Common.swift */ = {isa = PBXFileReference; lastKnownFileType = sourcecode.swift; path = Common.swift; sourceTree = "<group>"; };
		4A472CF424C86DE30089D812 /* Material.swift */ = {isa = PBXFileReference; lastKnownFileType = sourcecode.swift; path = Material.swift; sourceTree = "<group>"; };
/* End PBXFileReference section */

/* Begin PBXFrameworksBuildPhase section */
		4A472CC724C8425A0089D812 /* Frameworks */ = {
			isa = PBXFrameworksBuildPhase;
			buildActionMask = 2147483647;
			files = (
			);
			runOnlyForDeploymentPostprocessing = 0;
		};
/* End PBXFrameworksBuildPhase section */

/* Begin PBXGroup section */
		4A472CC124C8425A0089D812 = {
			isa = PBXGroup;
			children = (
				4A472CCC24C8425A0089D812 /* Materials */,
				4A472CCB24C8425A0089D812 /* Products */,
			);
			sourceTree = "<group>";
		};
		4A472CCB24C8425A0089D812 /* Products */ = {
			isa = PBXGroup;
			children = (
				4A472CCA24C8425A0089D812 /* Materials.app */,
			);
			name = Products;
			sourceTree = "<group>";
		};
		4A472CCC24C8425A0089D812 /* Materials */ = {
			isa = PBXGroup;
			children = (
				4A472CF224C86D320089D812 /* Common.swift */,
				4A472CCD24C8425A0089D812 /* AppDelegate.swift */,
				4A472CCF24C8425A0089D812 /* SceneDelegate.swift */,
				4A472CE824C854D80089D812 /* Extensions */,
				4A472CE624C84E310089D812 /* ViewControllers */,
				4A472CEB24C85A6E0089D812 /* Views */,
				4A472CE324C8491F0089D812 /* Model */,
				4A472CE724C84E3F0089D812 /* Storyboards */,
				4A472CD624C8425D0089D812 /* Assets.xcassets */,
				4A472CDB24C8425D0089D812 /* Info.plist */,
			);
			path = Materials;
			sourceTree = "<group>";
		};
		4A472CE324C8491F0089D812 /* Model */ = {
			isa = PBXGroup;
			children = (
				4A472CE424C8492F0089D812 /* Colors.swift */,
				4A472CF424C86DE30089D812 /* Material.swift */,
			);
			path = Model;
			sourceTree = "<group>";
		};
		4A472CE624C84E310089D812 /* ViewControllers */ = {
			isa = PBXGroup;
			children = (
				4A472CE124C848C00089D812 /* NewViewController.swift */,
			);
			path = ViewControllers;
			sourceTree = "<group>";
		};
		4A472CE724C84E3F0089D812 /* Storyboards */ = {
			isa = PBXGroup;
			children = (
				4A472CD324C8425A0089D812 /* Main.storyboard */,
				4A472CD824C8425D0089D812 /* LaunchScreen.storyboard */,
			);
			path = Storyboards;
			sourceTree = "<group>";
		};
		4A472CE824C854D80089D812 /* Extensions */ = {
			isa = PBXGroup;
			children = (
				4A472CE924C854FD0089D812 /* UIView+addConstraints.swift */,
			);
			path = Extensions;
			sourceTree = "<group>";
		};
		4A472CEB24C85A6E0089D812 /* Views */ = {
			isa = PBXGroup;
			children = (
				4A472CEE24C85B500089D812 /* MaterialView.swift */,
				4A472CF024C860520089D812 /* MaterialView.xib */,
			);
			path = Views;
			sourceTree = "<group>";
		};
/* End PBXGroup section */

/* Begin PBXNativeTarget section */
		4A472CC924C8425A0089D812 /* Materials */ = {
			isa = PBXNativeTarget;
			buildConfigurationList = 4A472CDE24C8425D0089D812 /* Build configuration list for PBXNativeTarget "Materials" */;
			buildPhases = (
				4A472CC624C8425A0089D812 /* Sources */,
				4A472CC724C8425A0089D812 /* Frameworks */,
				4A472CC824C8425A0089D812 /* Resources */,
			);
			buildRules = (
			);
			dependencies = (
			);
			name = Materials;
			productName = Materials;
			productReference = 4A472CCA24C8425A0089D812 /* Materials.app */;
			productType = "com.apple.product-type.application";
		};
/* End PBXNativeTarget section */

/* Begin PBXProject section */
		4A472CC224C8425A0089D812 /* Project object */ = {
			isa = PBXProject;
			attributes = {
				LastSwiftUpdateCheck = 1130;
				LastUpgradeCheck = 1130;
				ORGANIZATIONNAME = "art-off";
				TargetAttributes = {
					4A472CC924C8425A0089D812 = {
						CreatedOnToolsVersion = 11.3;
					};
				};
			};
			buildConfigurationList = 4A472CC524C8425A0089D812 /* Build configuration list for PBXProject "Materials" */;
			compatibilityVersion = "Xcode 9.3";
			developmentRegion = en;
			hasScannedForEncodings = 0;
			knownRegions = (
				en,
				Base,
			);
			mainGroup = 4A472CC124C8425A0089D812;
			productRefGroup = 4A472CCB24C8425A0089D812 /* Products */;
			projectDirPath = "";
			projectRoot = "";
			targets = (
				4A472CC924C8425A0089D812 /* Materials */,
			);
		};
/* End PBXProject section */

/* Begin PBXResourcesBuildPhase section */
		4A472CC824C8425A0089D812 /* Resources */ = {
			isa = PBXResourcesBuildPhase;
			buildActionMask = 2147483647;
			files = (
				4A472CDA24C8425D0089D812 /* LaunchScreen.storyboard in Resources */,
				4A472CD724C8425D0089D812 /* Assets.xcassets in Resources */,
				4A472CD524C8425A0089D812 /* Main.storyboard in Resources */,
				4A472CF124C860520089D812 /* MaterialView.xib in Resources */,
			);
			runOnlyForDeploymentPostprocessing = 0;
		};
/* End PBXResourcesBuildPhase section */

/* Begin PBXSourcesBuildPhase section */
		4A472CC624C8425A0089D812 /* Sources */ = {
			isa = PBXSourcesBuildPhase;
			buildActionMask = 2147483647;
			files = (
				4A472CF524C86DE30089D812 /* Material.swift in Sources */,
				4A472CEA24C854FD0089D812 /* UIView+addConstraints.swift in Sources */,
				4A472CE224C848C00089D812 /* NewViewController.swift in Sources */,
				4A472CE524C8492F0089D812 /* Colors.swift in Sources */,
				4A472CEF24C85B500089D812 /* MaterialView.swift in Sources */,
				4A472CCE24C8425A0089D812 /* AppDelegate.swift in Sources */,
				4A472CD024C8425A0089D812 /* SceneDelegate.swift in Sources */,
				4A472CF324C86D330089D812 /* Common.swift in Sources */,
			);
			runOnlyForDeploymentPostprocessing = 0;
		};
/* End PBXSourcesBuildPhase section */

/* Begin PBXVariantGroup section */
		4A472CD324C8425A0089D812 /* Main.storyboard */ = {
			isa = PBXVariantGroup;
			children = (
				4A472CD424C8425A0089D812 /* Base */,
			);
			name = Main.storyboard;
			sourceTree = "<group>";
		};
		4A472CD824C8425D0089D812 /* LaunchScreen.storyboard */ = {
			isa = PBXVariantGroup;
			children = (
				4A472CD924C8425D0089D812 /* Base */,
			);
			name = LaunchScreen.storyboard;
			sourceTree = "<group>";
		};
/* End PBXVariantGroup section */

/* Begin XCBuildConfiguration section */
		4A472CDC24C8425D0089D812 /* Debug */ = {
			isa = XCBuildConfiguration;
			buildSettings = {
				ALWAYS_SEARCH_USER_PATHS = NO;
				CLANG_ANALYZER_NONNULL = YES;
				CLANG_ANALYZER_NUMBER_OBJECT_CONVERSION = YES_AGGRESSIVE;
				CLANG_CXX_LANGUAGE_STANDARD = "gnu++14";
				CLANG_CXX_LIBRARY = "libc++";
				CLANG_ENABLE_MODULES = YES;
				CLANG_ENABLE_OBJC_ARC = YES;
				CLANG_ENABLE_OBJC_WEAK = YES;
				CLANG_WARN_BLOCK_CAPTURE_AUTORELEASING = YES;
				CLANG_WARN_BOOL_CONVERSION = YES;
				CLANG_WARN_COMMA = YES;
				CLANG_WARN_CONSTANT_CONVERSION = YES;
				CLANG_WARN_DEPRECATED_OBJC_IMPLEMENTATIONS = YES;
				CLANG_WARN_DIRECT_OBJC_ISA_USAGE = YES_ERROR;
				CLANG_WARN_DOCUMENTATION_COMMENTS = YES;
				CLANG_WARN_EMPTY_BODY = YES;
				CLANG_WARN_ENUM_CONVERSION = YES;
				CLANG_WARN_INFINITE_RECURSION = YES;
				CLANG_WARN_INT_CONVERSION = YES;
				CLANG_WARN_NON_LITERAL_NULL_CONVERSION = YES;
				CLANG_WARN_OBJC_IMPLICIT_RETAIN_SELF = YES;
				CLANG_WARN_OBJC_LITERAL_CONVERSION = YES;
				CLANG_WARN_OBJC_ROOT_CLASS = YES_ERROR;
				CLANG_WARN_RANGE_LOOP_ANALYSIS = YES;
				CLANG_WARN_STRICT_PROTOTYPES = YES;
				CLANG_WARN_SUSPICIOUS_MOVE = YES;
				CLANG_WARN_UNGUARDED_AVAILABILITY = YES_AGGRESSIVE;
				CLANG_WARN_UNREACHABLE_CODE = YES;
				CLANG_WARN__DUPLICATE_METHOD_MATCH = YES;
				COPY_PHASE_STRIP = NO;
				DEBUG_INFORMATION_FORMAT = dwarf;
				ENABLE_STRICT_OBJC_MSGSEND = YES;
				ENABLE_TESTABILITY = YES;
				GCC_C_LANGUAGE_STANDARD = gnu11;
				GCC_DYNAMIC_NO_PIC = NO;
				GCC_NO_COMMON_BLOCKS = YES;
				GCC_OPTIMIZATION_LEVEL = 0;
				GCC_PREPROCESSOR_DEFINITIONS = (
					"DEBUG=1",
					"$(inherited)",
				);
				GCC_WARN_64_TO_32_BIT_CONVERSION = YES;
				GCC_WARN_ABOUT_RETURN_TYPE = YES_ERROR;
				GCC_WARN_UNDECLARED_SELECTOR = YES;
				GCC_WARN_UNINITIALIZED_AUTOS = YES_AGGRESSIVE;
				GCC_WARN_UNUSED_FUNCTION = YES;
				GCC_WARN_UNUSED_VARIABLE = YES;
				IPHONEOS_DEPLOYMENT_TARGET = 12.4;
				MTL_ENABLE_DEBUG_INFO = INCLUDE_SOURCE;
				MTL_FAST_MATH = YES;
				ONLY_ACTIVE_ARCH = YES;
				SDKROOT = iphoneos;
				SWIFT_ACTIVE_COMPILATION_CONDITIONS = DEBUG;
				SWIFT_OPTIMIZATION_LEVEL = "-Onone";
			};
			name = Debug;
		};
		4A472CDD24C8425D0089D812 /* Release */ = {
			isa = XCBuildConfiguration;
			buildSettings = {
				ALWAYS_SEARCH_USER_PATHS = NO;
				CLANG_ANALYZER_NONNULL = YES;
				CLANG_ANALYZER_NUMBER_OBJECT_CONVERSION = YES_AGGRESSIVE;
				CLANG_CXX_LANGUAGE_STANDARD = "gnu++14";
				CLANG_CXX_LIBRARY = "libc++";
				CLANG_ENABLE_MODULES = YES;
				CLANG_ENABLE_OBJC_ARC = YES;
				CLANG_ENABLE_OBJC_WEAK = YES;
				CLANG_WARN_BLOCK_CAPTURE_AUTORELEASING = YES;
				CLANG_WARN_BOOL_CONVERSION = YES;
				CLANG_WARN_COMMA = YES;
				CLANG_WARN_CONSTANT_CONVERSION = YES;
				CLANG_WARN_DEPRECATED_OBJC_IMPLEMENTATIONS = YES;
				CLANG_WARN_DIRECT_OBJC_ISA_USAGE = YES_ERROR;
				CLANG_WARN_DOCUMENTATION_COMMENTS = YES;
				CLANG_WARN_EMPTY_BODY = YES;
				CLANG_WARN_ENUM_CONVERSION = YES;
				CLANG_WARN_INFINITE_RECURSION = YES;
				CLANG_WARN_INT_CONVERSION = YES;
				CLANG_WARN_NON_LITERAL_NULL_CONVERSION = YES;
				CLANG_WARN_OBJC_IMPLICIT_RETAIN_SELF = YES;
				CLANG_WARN_OBJC_LITERAL_CONVERSION = YES;
				CLANG_WARN_OBJC_ROOT_CLASS = YES_ERROR;
				CLANG_WARN_RANGE_LOOP_ANALYSIS = YES;
				CLANG_WARN_STRICT_PROTOTYPES = YES;
				CLANG_WARN_SUSPICIOUS_MOVE = YES;
				CLANG_WARN_UNGUARDED_AVAILABILITY = YES_AGGRESSIVE;
				CLANG_WARN_UNREACHABLE_CODE = YES;
				CLANG_WARN__DUPLICATE_METHOD_MATCH = YES;
				COPY_PHASE_STRIP = NO;
				DEBUG_INFORMATION_FORMAT = "dwarf-with-dsym";
				ENABLE_NS_ASSERTIONS = NO;
				ENABLE_STRICT_OBJC_MSGSEND = YES;
				GCC_C_LANGUAGE_STANDARD = gnu11;
				GCC_NO_COMMON_BLOCKS = YES;
				GCC_WARN_64_TO_32_BIT_CONVERSION = YES;
				GCC_WARN_ABOUT_RETURN_TYPE = YES_ERROR;
				GCC_WARN_UNDECLARED_SELECTOR = YES;
				GCC_WARN_UNINITIALIZED_AUTOS = YES_AGGRESSIVE;
				GCC_WARN_UNUSED_FUNCTION = YES;
				GCC_WARN_UNUSED_VARIABLE = YES;
				IPHONEOS_DEPLOYMENT_TARGET = 12.4;
				MTL_ENABLE_DEBUG_INFO = NO;
				MTL_FAST_MATH = YES;
				SDKROOT = iphoneos;
				SWIFT_COMPILATION_MODE = wholemodule;
				SWIFT_OPTIMIZATION_LEVEL = "-O";
				VALIDATE_PRODUCT = YES;
			};
			name = Release;
		};
		4A472CDF24C8425D0089D812 /* Debug */ = {
			isa = XCBuildConfiguration;
			buildSettings = {
				ASSETCATALOG_COMPILER_APPICON_NAME = AppIcon;
				CODE_SIGN_STYLE = Automatic;
				DEVELOPMENT_TEAM = HM9WL9QKWM;
				INFOPLIST_FILE = Materials/Info.plist;
				LD_RUNPATH_SEARCH_PATHS = (
					"$(inherited)",
					"@executable_path/Frameworks",
				);
				PRODUCT_BUNDLE_IDENTIFIER = ooo.Materials;
				PRODUCT_NAME = "$(TARGET_NAME)";
				SWIFT_VERSION = 5.0;
				TARGETED_DEVICE_FAMILY = "1,2";
			};
			name = Debug;
		};
		4A472CE024C8425D0089D812 /* Release */ = {
			isa = XCBuildConfiguration;
			buildSettings = {
				ASSETCATALOG_COMPILER_APPICON_NAME = AppIcon;
				CODE_SIGN_STYLE = Automatic;
				DEVELOPMENT_TEAM = HM9WL9QKWM;
				INFOPLIST_FILE = Materials/Info.plist;
				LD_RUNPATH_SEARCH_PATHS = (
					"$(inherited)",
					"@executable_path/Frameworks",
				);
				PRODUCT_BUNDLE_IDENTIFIER = ooo.Materials;
				PRODUCT_NAME = "$(TARGET_NAME)";
				SWIFT_VERSION = 5.0;
				TARGETED_DEVICE_FAMILY = "1,2";
			};
			name = Release;
		};
/* End XCBuildConfiguration section */

/* Begin XCConfigurationList section */
		4A472CC524C8425A0089D812 /* Build configuration list for PBXProject "Materials" */ = {
			isa = XCConfigurationList;
			buildConfigurations = (
				4A472CDC24C8425D0089D812 /* Debug */,
				4A472CDD24C8425D0089D812 /* Release */,
			);
			defaultConfigurationIsVisible = 0;
			defaultConfigurationName = Release;
		};
		4A472CDE24C8425D0089D812 /* Build configuration list for PBXNativeTarget "Materials" */ = {
			isa = XCConfigurationList;
			buildConfigurations = (
				4A472CDF24C8425D0089D812 /* Debug */,
				4A472CE024C8425D0089D812 /* Release */,
			);
			defaultConfigurationIsVisible = 0;
			defaultConfigurationName = Release;
		};
/* End XCConfigurationList section */
	};
	rootObject = 4A472CC224C8425A0089D812 /* Project object */;
}
